
Microsoft Visual Studio Solution File, Format Version 12.00
# Visual Studio Version 16
VisualStudioVersion = 16.0.31424.327
MinimumVisualStudioVersion = 10.0.40219.1
Project("{9A19103F-16F7-4668-BE54-9A1E7A4F7556}") = "DesafioEtapa3", "DesafioEtapa3\DesafioEtapa3.csproj", "{6F617870-029F-4026-8D43-335F294955E5}"
EndProject
Project("{9A19103F-16F7-4668-BE54-9A1E7A4F7556}") = "Desafio2Etapa3", "Desafio2Etapa3\Desafio2Etapa3.csproj", "{75E708F4-A560-49D7-ADB1-7ACE0E50753A}"
EndProject
Project("{FAE04EC0-301F-11D3-BF4B-00C04F79EFBC}") = "Desafio3Etapa3", "Desafio3Etapa3\Desafio3Etapa3.csproj", "{1F430EF7-B1C5-43E5-A34D-D3F7F73C8EED}"
EndProject
Global
	GlobalSection(SolutionConfigurationPlatforms) = preSolution
		Debug|Any CPU = Debug|Any CPU
		Release|Any CPU = Release|Any CPU
	EndGlobalSection
	GlobalSection(ProjectConfigurationPlatforms) = postSolution
		{6F617870-029F-4026-8D43-335F294955E5}.Debug|Any CPU.ActiveCfg = Debug|Any CPU
		{6F617870-029F-4026-8D43-335F294955E5}.Debug|Any CPU.Build.0 = Debug|Any CPU
		{6F617870-029F-4026-8D43-335F294955E5}.Release|Any CPU.ActiveCfg = Release|Any CPU
		{6F617870-029F-4026-8D43-335F294955E5}.Release|Any CPU.Build.0 = Release|Any CPU
		{75E708F4-A560-49D7-ADB1-7ACE0E50753A}.Debug|Any CPU.ActiveCfg = Debug|Any CPU
		{75E708F4-A560-49D7-ADB1-7ACE0E50753A}.Debug|Any CPU.Build.0 = Debug|Any CPU
		{75E708F4-A560-49D7-ADB1-7ACE0E50753A}.Release|Any CPU.ActiveCfg = Release|Any CPU
		{75E708F4-A560-49D7-ADB1-7ACE0E50753A}.Release|Any CPU.Build.0 = Release|Any CPU
		{1F430EF7-B1C5-43E5-A34D-D3F7F73C8EED}.Debug|Any CPU.ActiveCfg = Debug|Any CPU
		{1F430EF7-B1C5-43E5-A34D-D3F7F73C8EED}.Debug|Any CPU.Build.0 = Debug|Any CPU
		{1F430EF7-B1C5-43E5-A34D-D3F7F73C8EED}.Release|Any CPU.ActiveCfg = Release|Any CPU
		{1F430EF7-B1C5-43E5-A34D-D3F7F73C8EED}.Release|Any CPU.Build.0 = Release|Any CPU
	EndGlobalSection
	GlobalSection(SolutionProperties) = preSolution
		HideSolutionNode = FALSE
	EndGlobalSection
	GlobalSection(ExtensibilityGlobals) = postSolution
		SolutionGuid = {C656FEBC-C8FA-43F0-B45A-A897D8D02F01}
	EndGlobalSection
EndGlobal
